// !$*UTF8*$!
{
	archiveVersion = 1;
	classes = {
	};
	objectVersion = 50;
	objects = {

/* Begin PBXBuildFile section */
		CE2CFF4224B0A48000F30A04 /* RecipeTableViewCell.swift in Sources */ = {isa = PBXBuildFile; fileRef = CE2CFF4024B0A47F00F30A04 /* RecipeTableViewCell.swift */; };
		CE2CFF4324B0A48000F30A04 /* RecipeTableViewCell.xib in Resources */ = {isa = PBXBuildFile; fileRef = CE2CFF4124B0A47F00F30A04 /* RecipeTableViewCell.xib */; };
		CE552F0824B0833A00FCA97D /* AppDelegate.swift in Sources */ = {isa = PBXBuildFile; fileRef = CE552F0724B0833A00FCA97D /* AppDelegate.swift */; };
		CE552F0A24B0833A00FCA97D /* SceneDelegate.swift in Sources */ = {isa = PBXBuildFile; fileRef = CE552F0924B0833A00FCA97D /* SceneDelegate.swift */; };
		CE552F0C24B0833A00FCA97D /* ViewController.swift in Sources */ = {isa = PBXBuildFile; fileRef = CE552F0B24B0833A00FCA97D /* ViewController.swift */; };
		CE552F0F24B0833A00FCA97D /* Main.storyboard in Resources */ = {isa = PBXBuildFile; fileRef = CE552F0D24B0833A00FCA97D /* Main.storyboard */; };
		CE552F1124B0833C00FCA97D /* Assets.xcassets in Resources */ = {isa = PBXBuildFile; fileRef = CE552F1024B0833C00FCA97D /* Assets.xcassets */; };
		CE552F1424B0833C00FCA97D /* LaunchScreen.storyboard in Resources */ = {isa = PBXBuildFile; fileRef = CE552F1224B0833C00FCA97D /* LaunchScreen.storyboard */; };
		CE552F1C24B0837100FCA97D /* Recipe.swift in Sources */ = {isa = PBXBuildFile; fileRef = CE552F1B24B0837100FCA97D /* Recipe.swift */; };
/* End PBXBuildFile section */

/* Begin PBXFileReference section */
		CE2CFF4024B0A47F00F30A04 /* RecipeTableViewCell.swift */ = {isa = PBXFileReference; lastKnownFileType = sourcecode.swift; path = RecipeTableViewCell.swift; sourceTree = "<group>"; };
		CE2CFF4124B0A47F00F30A04 /* RecipeTableViewCell.xib */ = {isa = PBXFileReference; lastKnownFileType = file.xib; path = RecipeTableViewCell.xib; sourceTree = "<group>"; };
		CE552F0424B0833A00FCA97D /* ViewControllers_demo_table_view.app */ = {isa = PBXFileReference; explicitFileType = wrapper.application; includeInIndex = 0; path = ViewControllers_demo_table_view.app; sourceTree = BUILT_PRODUCTS_DIR; };
		CE552F0724B0833A00FCA97D /* AppDelegate.swift */ = {isa = PBXFileReference; lastKnownFileType = sourcecode.swift; path = AppDelegate.swift; sourceTree = "<group>"; };
		CE552F0924B0833A00FCA97D /* SceneDelegate.swift */ = {isa = PBXFileReference; lastKnownFileType = sourcecode.swift; path = SceneDelegate.swift; sourceTree = "<group>"; };
		CE552F0B24B0833A00FCA97D /* ViewController.swift */ = {isa = PBXFileReference; lastKnownFileType = sourcecode.swift; path = ViewController.swift; sourceTree = "<group>"; };
		CE552F0E24B0833A00FCA97D /* Base */ = {isa = PBXFileReference; lastKnownFileType = file.storyboard; name = Base; path = Base.lproj/Main.storyboard; sourceTree = "<group>"; };
		CE552F1024B0833C00FCA97D /* Assets.xcassets */ = {isa = PBXFileReference; lastKnownFileType = folder.assetcatalog; path = Assets.xcassets; sourceTree = "<group>"; };
		CE552F1324B0833C00FCA97D /* Base */ = {isa = PBXFileReference; lastKnownFileType = file.storyboard; name = Base; path = Base.lproj/LaunchScreen.storyboard; sourceTree = "<group>"; };
		CE552F1524B0833C00FCA97D /* Info.plist */ = {isa = PBXFileReference; lastKnownFileType = text.plist.xml; path = Info.plist; sourceTree = "<group>"; };
		CE552F1B24B0837100FCA97D /* Recipe.swift */ = {isa = PBXFileReference; lastKnownFileType = sourcecode.swift; path = Recipe.swift; sourceTree = "<group>"; };
/* End PBXFileReference section */

/* Begin PBXFrameworksBuildPhase section */
		CE552F0124B0833A00FCA97D /* Frameworks */ = {
			isa = PBXFrameworksBuildPhase;
			buildActionMask = 2147483647;
			files = (
			);
			runOnlyForDeploymentPostprocessing = 0;
		};
/* End PBXFrameworksBuildPhase section */

/* Begin PBXGroup section */
		CE552EFB24B0833A00FCA97D = {
			isa = PBXGroup;
			children = (
				CE552F0624B0833A00FCA97D /* ViewControllers_demo_table_view */,
				CE552F0524B0833A00FCA97D /* Products */,
			);
			sourceTree = "<group>";
		};
		CE552F0524B0833A00FCA97D /* Products */ = {
			isa = PBXGroup;
			children = (
				CE552F0424B0833A00FCA97D /* ViewControllers_demo_table_view.app */,
			);
			name = Products;
			sourceTree = "<group>";
		};
		CE552F0624B0833A00FCA97D /* ViewControllers_demo_table_view */ = {
			isa = PBXGroup;
			children = (
				CE552F0724B0833A00FCA97D /* AppDelegate.swift */,
				CE552F0924B0833A00FCA97D /* SceneDelegate.swift */,
				CE552F0B24B0833A00FCA97D /* ViewController.swift */,
				CE552F0D24B0833A00FCA97D /* Main.storyboard */,
				CE552F1024B0833C00FCA97D /* Assets.xcassets */,
				CE552F1224B0833C00FCA97D /* LaunchScreen.storyboard */,
				CE552F1524B0833C00FCA97D /* Info.plist */,
				CE552F1B24B0837100FCA97D /* Recipe.swift */,
				CE2CFF4024B0A47F00F30A04 /* RecipeTableViewCell.swift */,
				CE2CFF4124B0A47F00F30A04 /* RecipeTableViewCell.xib */,
			);
			path = ViewControllers_demo_table_view;
			sourceTree = "<group>";
		};
/* End PBXGroup section */

/* Begin PBXNativeTarget section */
		CE552F0324B0833A00FCA97D /* ViewControllers_demo_table_view */ = {
			isa = PBXNativeTarget;
			buildConfigurationList = CE552F1824B0833C00FCA97D /* Build configuration list for PBXNativeTarget "ViewControllers_demo_table_view" */;
			buildPhases = (
				CE552F0024B0833A00FCA97D /* Sources */,
				CE552F0124B0833A00FCA97D /* Frameworks */,
				CE552F0224B0833A00FCA97D /* Resources */,
			);
			buildRules = (
			);
			dependencies = (
			);
			name = ViewControllers_demo_table_view;
			productName = ViewControllers_demo_table_view;
			productReference = CE552F0424B0833A00FCA97D /* ViewControllers_demo_table_view.app */;
			productType = "com.apple.product-type.application";
		};
/* End PBXNativeTarget section */

/* Begin PBXProject section */
		CE552EFC24B0833A00FCA97D /* Project object */ = {
			isa = PBXProject;
			attributes = {
				LastSwiftUpdateCheck = 1150;
				LastUpgradeCheck = 1150;
				ORGANIZATIONNAME = user;
				TargetAttributes = {
					CE552F0324B0833A00FCA97D = {
						CreatedOnToolsVersion = 11.5;
					};
				};
			};
			buildConfigurationList = CE552EFF24B0833A00FCA97D /* Build configuration list for PBXProject "ViewControllers_demo_table_view" */;
			compatibilityVersion = "Xcode 9.3";
			developmentRegion = en;
			hasScannedForEncodings = 0;
			knownRegions = (
				en,
				Base,
			);
			mainGroup = CE552EFB24B0833A00FCA97D;
			productRefGroup = CE552F0524B0833A00FCA97D /* Products */;
			projectDirPath = "";
			projectRoot = "";
			targets = (
				CE552F0324B0833A00FCA97D /* ViewControllers_demo_table_view */,
			);
		};
/* End PBXProject section */

/* Begin PBXResourcesBuildPhase section */
		CE552F0224B0833A00FCA97D /* Resources */ = {
			isa = PBXResourcesBuildPhase;
			buildActionMask = 2147483647;
			files = (
				CE552F1424B0833C00FCA97D /* LaunchScreen.storyboard in Resources */,
				CE552F1124B0833C00FCA97D /* Assets.xcassets in Resources */,
				CE552F0F24B0833A00FCA97D /* Main.storyboard in Resources */,
				CE2CFF4324B0A48000F30A04 /* RecipeTableViewCell.xib in Resources */,
			);
			runOnlyForDeploymentPostprocessing = 0;
		};
/* End PBXResourcesBuildPhase section */

/* Begin PBXSourcesBuildPhase section */
		CE552F0024B0833A00FCA97D /* Sources */ = {
			isa = PBXSourcesBuildPhase;
			buildActionMask = 2147483647;
			files = (
				CE552F0C24B0833A00FCA97D /* ViewController.swift in Sources */,
				CE2CFF4224B0A48000F30A04 /* RecipeTableViewCell.swift in Sources */,
				CE552F1C24B0837100FCA97D /* Recipe.swift in Sources */,
				CE552F0824B0833A00FCA97D /* AppDelegate.swift in Sources */,
				CE552F0A24B0833A00FCA97D /* SceneDelegate.swift in Sources */,
			);
			runOnlyForDeploymentPostprocessing = 0;
		};
/* End PBXSourcesBuildPhase section */

/* Begin PBXVariantGroup section */
		CE552F0D24B0833A00FCA97D /* Main.storyboard */ = {
			isa = PBXVariantGroup;
			children = (
				CE552F0E24B0833A00FCA97D /* Base */,
			);
			name = Main.storyboard;
			sourceTree = "<group>";
		};
		CE552F1224B0833C00FCA97D /* LaunchScreen.storyboard */ = {
			isa = PBXVariantGroup;
			children = (
				CE552F1324B0833C00FCA97D /* Base */,
			);
			name = LaunchScreen.storyboard;
			sourceTree = "<group>";
		};
/* End PBXVariantGroup section */

/* Begin XCBuildConfiguration section */
		CE552F1624B0833C00FCA97D /* Debug */ = {
			isa = XCBuildConfiguration;
			buildSettings = {
				ALWAYS_SEARCH_USER_PATHS = NO;
				CLANG_ANALYZER_NONNULL = YES;
				CLANG_ANALYZER_NUMBER_OBJECT_CONVERSION = YES_AGGRESSIVE;
				CLANG_CXX_LANGUAGE_STANDARD = "gnu++14";
				CLANG_CXX_LIBRARY = "libc++";
				CLANG_ENABLE_MODULES = YES;
				CLANG_ENABLE_OBJC_ARC = YES;
				CLANG_ENABLE_OBJC_WEAK = YES;
				CLANG_WARN_BLOCK_CAPTURE_AUTORELEASING = YES;
				CLANG_WARN_BOOL_CONVERSION = YES;
				CLANG_WARN_COMMA = YES;
				CLANG_WARN_CONSTANT_CONVERSION = YES;
				CLANG_WARN_DEPRECATED_OBJC_IMPLEMENTATIONS = YES;
				CLANG_WARN_DIRECT_OBJC_ISA_USAGE = YES_ERROR;
				CLANG_WARN_DOCUMENTATION_COMMENTS = YES;
				CLANG_WARN_EMPTY_BODY = YES;
				CLANG_WARN_ENUM_CONVERSION = YES;
				CLANG_WARN_INFINITE_RECURSION = YES;
				CLANG_WARN_INT_CONVERSION = YES;
				CLANG_WARN_NON_LITERAL_NULL_CONVERSION = YES;
				CLANG_WARN_OBJC_IMPLICIT_RETAIN_SELF = YES;
				CLANG_WARN_OBJC_LITERAL_CONVERSION = YES;
				CLANG_WARN_OBJC_ROOT_CLASS = YES_ERROR;
				CLANG_WARN_RANGE_LOOP_ANALYSIS = YES;
				CLANG_WARN_STRICT_PROTOTYPES = YES;
				CLANG_WARN_SUSPICIOUS_MOVE = YES;
				CLANG_WARN_UNGUARDED_AVAILABILITY = YES_AGGRESSIVE;
				CLANG_WARN_UNREACHABLE_CODE = YES;
				CLANG_WARN__DUPLICATE_METHOD_MATCH = YES;
				COPY_PHASE_STRIP = NO;
				DEBUG_INFORMATION_FORMAT = dwarf;
				ENABLE_STRICT_OBJC_MSGSEND = YES;
				ENABLE_TESTABILITY = YES;
				GCC_C_LANGUAGE_STANDARD = gnu11;
				GCC_DYNAMIC_NO_PIC = NO;
				GCC_NO_COMMON_BLOCKS = YES;
				GCC_OPTIMIZATION_LEVEL = 0;
				GCC_PREPROCESSOR_DEFINITIONS = (
					"DEBUG=1",
					"$(inherited)",
				);
				GCC_WARN_64_TO_32_BIT_CONVERSION = YES;
				GCC_WARN_ABOUT_RETURN_TYPE = YES_ERROR;
				GCC_WARN_UNDECLARED_SELECTOR = YES;
				GCC_WARN_UNINITIALIZED_AUTOS = YES_AGGRESSIVE;
				GCC_WARN_UNUSED_FUNCTION = YES;
				GCC_WARN_UNUSED_VARIABLE = YES;
				IPHONEOS_DEPLOYMENT_TARGET = 13.5;
				MTL_ENABLE_DEBUG_INFO = INCLUDE_SOURCE;
				MTL_FAST_MATH = YES;
				ONLY_ACTIVE_ARCH = YES;
				SDKROOT = iphoneos;
				SWIFT_ACTIVE_COMPILATION_CONDITIONS = DEBUG;
				SWIFT_OPTIMIZATION_LEVEL = "-Onone";
			};
			name = Debug;
		};
		CE552F1724B0833C00FCA97D /* Release */ = {
			isa = XCBuildConfiguration;
			buildSettings = {
				ALWAYS_SEARCH_USER_PATHS = NO;
				CLANG_ANALYZER_NONNULL = YES;
				CLANG_ANALYZER_NUMBER_OBJECT_CONVERSION = YES_AGGRESSIVE;
				CLANG_CXX_LANGUAGE_STANDARD = "gnu++14";
				CLANG_CXX_LIBRARY = "libc++";
				CLANG_ENABLE_MODULES = YES;
				CLANG_ENABLE_OBJC_ARC = YES;
				CLANG_ENABLE_OBJC_WEAK = YES;
				CLANG_WARN_BLOCK_CAPTURE_AUTORELEASING = YES;
				CLANG_WARN_BOOL_CONVERSION = YES;
				CLANG_WARN_COMMA = YES;
				CLANG_WARN_CONSTANT_CONVERSION = YES;
				CLANG_WARN_DEPRECATED_OBJC_IMPLEMENTATIONS = YES;
				CLANG_WARN_DIRECT_OBJC_ISA_USAGE = YES_ERROR;
				CLANG_WARN_DOCUMENTATION_COMMENTS = YES;
				CLANG_WARN_EMPTY_BODY = YES;
				CLANG_WARN_ENUM_CONVERSION = YES;
				CLANG_WARN_INFINITE_RECURSION = YES;
				CLANG_WARN_INT_CONVERSION = YES;
				CLANG_WARN_NON_LITERAL_NULL_CONVERSION = YES;
				CLANG_WARN_OBJC_IMPLICIT_RETAIN_SELF = YES;
				CLANG_WARN_OBJC_LITERAL_CONVERSION = YES;
				CLANG_WARN_OBJC_ROOT_CLASS = YES_ERROR;
				CLANG_WARN_RANGE_LOOP_ANALYSIS = YES;
				CLANG_WARN_STRICT_PROTOTYPES = YES;
				CLANG_WARN_SUSPICIOUS_MOVE = YES;
				CLANG_WARN_UNGUARDED_AVAILABILITY = YES_AGGRESSIVE;
				CLANG_WARN_UNREACHABLE_CODE = YES;
				CLANG_WARN__DUPLICATE_METHOD_MATCH = YES;
				COPY_PHASE_STRIP = NO;
				DEBUG_INFORMATION_FORMAT = "dwarf-with-dsym";
				ENABLE_NS_ASSERTIONS = NO;
				ENABLE_STRICT_OBJC_MSGSEND = YES;
				GCC_C_LANGUAGE_STANDARD = gnu11;
				GCC_NO_COMMON_BLOCKS = YES;
				GCC_WARN_64_TO_32_BIT_CONVERSION = YES;
				GCC_WARN_ABOUT_RETURN_TYPE = YES_ERROR;
				GCC_WARN_UNDECLARED_SELECTOR = YES;
				GCC_WARN_UNINITIALIZED_AUTOS = YES_AGGRESSIVE;
				GCC_WARN_UNUSED_FUNCTION = YES;
				GCC_WARN_UNUSED_VARIABLE = YES;
				IPHONEOS_DEPLOYMENT_TARGET = 13.5;
				MTL_ENABLE_DEBUG_INFO = NO;
				MTL_FAST_MATH = YES;
				SDKROOT = iphoneos;
				SWIFT_COMPILATION_MODE = wholemodule;
				SWIFT_OPTIMIZATION_LEVEL = "-O";
				VALIDATE_PRODUCT = YES;
			};
			name = Release;
		};
		CE552F1924B0833C00FCA97D /* Debug */ = {
			isa = XCBuildConfiguration;
			buildSettings = {
				ASSETCATALOG_COMPILER_APPICON_NAME = AppIcon;
				CODE_SIGN_STYLE = Automatic;
				DEVELOPMENT_TEAM = 7Z2C4VQ9RF;
				INFOPLIST_FILE = ViewControllers_demo_table_view/Info.plist;
				LD_RUNPATH_SEARCH_PATHS = (
					"$(inherited)",
					"@executable_path/Frameworks",
				);
				PRODUCT_BUNDLE_IDENTIFIER = "user.ViewControllers-demo-table-view";
				PRODUCT_NAME = "$(TARGET_NAME)";
				SWIFT_VERSION = 5.0;
				TARGETED_DEVICE_FAMILY = "1,2";
			};
			name = Debug;
		};
		CE552F1A24B0833C00FCA97D /* Release */ = {
			isa = XCBuildConfiguration;
			buildSettings = {
				ASSETCATALOG_COMPILER_APPICON_NAME = AppIcon;
				CODE_SIGN_STYLE = Automatic;
				DEVELOPMENT_TEAM = 7Z2C4VQ9RF;
				INFOPLIST_FILE = ViewControllers_demo_table_view/Info.plist;
				LD_RUNPATH_SEARCH_PATHS = (
					"$(inherited)",
					"@executable_path/Frameworks",
				);
				PRODUCT_BUNDLE_IDENTIFIER = "user.ViewControllers-demo-table-view";
				PRODUCT_NAME = "$(TARGET_NAME)";
				SWIFT_VERSION = 5.0;
				TARGETED_DEVICE_FAMILY = "1,2";
			};
			name = Release;
		};
/* End XCBuildConfiguration section */

/* Begin XCConfigurationList section */
		CE552EFF24B0833A00FCA97D /* Build configuration list for PBXProject "ViewControllers_demo_table_view" */ = {
			isa = XCConfigurationList;
			buildConfigurations = (
				CE552F1624B0833C00FCA97D /* Debug */,
				CE552F1724B0833C00FCA97D /* Release */,
			);
			defaultConfigurationIsVisible = 0;
			defaultConfigurationName = Release;
		};
		CE552F1824B0833C00FCA97D /* Build configuration list for PBXNativeTarget "ViewControllers_demo_table_view" */ = {
			isa = XCConfigurationList;
			buildConfigurations = (
				CE552F1924B0833C00FCA97D /* Debug */,
				CE552F1A24B0833C00FCA97D /* Release */,
			);
			defaultConfigurationIsVisible = 0;
			defaultConfigurationName = Release;
		};
/* End XCConfigurationList section */
	};
	rootObject = CE552EFC24B0833A00FCA97D /* Project object */;
}
